
Microsoft Visual Studio Solution File, Format Version 12.00
# Visual Studio Version 16
VisualStudioVersion = 16.0.31025.218
MinimumVisualStudioVersion = 15.0.26124.0
Project("{9A19103F-16F7-4668-BE54-9A1E7A4F7556}") = "GloBulkDataHelper.GloDb", "GloBulkDataHelper.GloDb\GloBulkDataHelper.GloDb.csproj", "{7CADFAFD-3EA7-4667-A4C6-226B459423B7}"
EndProject
Project("{9A19103F-16F7-4668-BE54-9A1E7A4F7556}") = "GloBulkDataHelper.GloDbTests", "GloBulkDataHelper.GloDbTests\GloBulkDataHelper.GloDbTests.csproj", "{C4C40991-E1D2-4CB8-BCC3-B74EE8156C4E}"
EndProject
Project("{9A19103F-16F7-4668-BE54-9A1E7A4F7556}") = "GloBulkDataHelper.BlmNavigatorService", "GloBulkDataHelper.BlmNavigatorService\GloBulkDataHelper.BlmNavigatorService.csproj", "{0136F72A-BD26-4DB9-ABD7-586F88F6627A}"
EndProject
Project("{9A19103F-16F7-4668-BE54-9A1E7A4F7556}") = "GloBulkDataHelper.Logging", "GloBulkDataHelper.Logging\GloBulkDataHelper.Logging.csproj", "{B0024E3A-A5EB-4ACD-8CC0-932B887A1AAF}"
EndProject
Project("{9A19103F-16F7-4668-BE54-9A1E7A4F7556}") = "BlmNavigatorServiceTests", "GloBulkDataHelper.BlmNavigatorServiceTests\BlmNavigatorServiceTests.csproj", "{19641004-05F4-412A-9342-6A9B48A9F740}"
EndProject
Project("{C7167F0D-BC9F-4E6E-AFE1-012C56B48DB5}") = "GloBulkDataHelper.WinDesktopViewer (Package)", "GloBulkDataHelper.WinDesktopViewer (Package)\GloBulkDataHelper.WinDesktopViewer (Package).wapproj", "{4B19894E-9ADE-4C76-9768-ECCB75EB0DD2}"
EndProject
Project("{9A19103F-16F7-4668-BE54-9A1E7A4F7556}") = "GloBulkDataHelper.WinDesktopViewer", "GloBulkDataHelper.WinDesktopViewer\GloBulkDataHelper.WinDesktopViewer.csproj", "{A7DB3562-1C1B-48D6-98C0-D422504DCD0F}"
EndProject
Project("{9A19103F-16F7-4668-BE54-9A1E7A4F7556}") = "GloBulkDataHelper.Generators", "GloBulkDataHelper.Generators\GloBulkDataHelper.Generators.csproj", "{9F177283-A3C1-450C-945B-E30C68A7C952}"
EndProject
Global
	GlobalSection(SolutionConfigurationPlatforms) = preSolution
		Debug|Any CPU = Debug|Any CPU
		Debug|arm64 = Debug|arm64
		Debug|x64 = Debug|x64
		Debug|x86 = Debug|x86
		Release|Any CPU = Release|Any CPU
		Release|arm64 = Release|arm64
		Release|x64 = Release|x64
		Release|x86 = Release|x86
	EndGlobalSection
	GlobalSection(ProjectConfigurationPlatforms) = postSolution
		{7CADFAFD-3EA7-4667-A4C6-226B459423B7}.Debug|Any CPU.ActiveCfg = Debug|Any CPU
		{7CADFAFD-3EA7-4667-A4C6-226B459423B7}.Debug|Any CPU.Build.0 = Debug|Any CPU
		{7CADFAFD-3EA7-4667-A4C6-226B459423B7}.Debug|arm64.ActiveCfg = Debug|Any CPU
		{7CADFAFD-3EA7-4667-A4C6-226B459423B7}.Debug|arm64.Build.0 = Debug|Any CPU
		{7CADFAFD-3EA7-4667-A4C6-226B459423B7}.Debug|x64.ActiveCfg = Debug|Any CPU
		{7CADFAFD-3EA7-4667-A4C6-226B459423B7}.Debug|x64.Build.0 = Debug|Any CPU
		{7CADFAFD-3EA7-4667-A4C6-226B459423B7}.Debug|x86.ActiveCfg = Debug|Any CPU
		{7CADFAFD-3EA7-4667-A4C6-226B459423B7}.Debug|x86.Build.0 = Debug|Any CPU
		{7CADFAFD-3EA7-4667-A4C6-226B459423B7}.Release|Any CPU.ActiveCfg = Release|Any CPU
		{7CADFAFD-3EA7-4667-A4C6-226B459423B7}.Release|Any CPU.Build.0 = Release|Any CPU
		{7CADFAFD-3EA7-4667-A4C6-226B459423B7}.Release|arm64.ActiveCfg = Release|Any CPU
		{7CADFAFD-3EA7-4667-A4C6-226B459423B7}.Release|arm64.Build.0 = Release|Any CPU
		{7CADFAFD-3EA7-4667-A4C6-226B459423B7}.Release|x64.ActiveCfg = Release|Any CPU
		{7CADFAFD-3EA7-4667-A4C6-226B459423B7}.Release|x64.Build.0 = Release|Any CPU
		{7CADFAFD-3EA7-4667-A4C6-226B459423B7}.Release|x86.ActiveCfg = Release|Any CPU
		{7CADFAFD-3EA7-4667-A4C6-226B459423B7}.Release|x86.Build.0 = Release|Any CPU
		{C4C40991-E1D2-4CB8-BCC3-B74EE8156C4E}.Debug|Any CPU.ActiveCfg = Debug|Any CPU
		{C4C40991-E1D2-4CB8-BCC3-B74EE8156C4E}.Debug|Any CPU.Build.0 = Debug|Any CPU
		{C4C40991-E1D2-4CB8-BCC3-B74EE8156C4E}.Debug|arm64.ActiveCfg = Debug|Any CPU
		{C4C40991-E1D2-4CB8-BCC3-B74EE8156C4E}.Debug|arm64.Build.0 = Debug|Any CPU
		{C4C40991-E1D2-4CB8-BCC3-B74EE8156C4E}.Debug|x64.ActiveCfg = Debug|Any CPU
		{C4C40991-E1D2-4CB8-BCC3-B74EE8156C4E}.Debug|x64.Build.0 = Debug|Any CPU
		{C4C40991-E1D2-4CB8-BCC3-B74EE8156C4E}.Debug|x86.ActiveCfg = Debug|Any CPU
		{C4C40991-E1D2-4CB8-BCC3-B74EE8156C4E}.Debug|x86.Build.0 = Debug|Any CPU
		{C4C40991-E1D2-4CB8-BCC3-B74EE8156C4E}.Release|Any CPU.ActiveCfg = Release|Any CPU
		{C4C40991-E1D2-4CB8-BCC3-B74EE8156C4E}.Release|Any CPU.Build.0 = Release|Any CPU
		{C4C40991-E1D2-4CB8-BCC3-B74EE8156C4E}.Release|arm64.ActiveCfg = Release|Any CPU
		{C4C40991-E1D2-4CB8-BCC3-B74EE8156C4E}.Release|arm64.Build.0 = Release|Any CPU
		{C4C40991-E1D2-4CB8-BCC3-B74EE8156C4E}.Release|x64.ActiveCfg = Release|Any CPU
		{C4C40991-E1D2-4CB8-BCC3-B74EE8156C4E}.Release|x64.Build.0 = Release|Any CPU
		{C4C40991-E1D2-4CB8-BCC3-B74EE8156C4E}.Release|x86.ActiveCfg = Release|Any CPU
		{C4C40991-E1D2-4CB8-BCC3-B74EE8156C4E}.Release|x86.Build.0 = Release|Any CPU
		{0136F72A-BD26-4DB9-ABD7-586F88F6627A}.Debug|Any CPU.ActiveCfg = Debug|Any CPU
		{0136F72A-BD26-4DB9-ABD7-586F88F6627A}.Debug|Any CPU.Build.0 = Debug|Any CPU
		{0136F72A-BD26-4DB9-ABD7-586F88F6627A}.Debug|arm64.ActiveCfg = Debug|Any CPU
		{0136F72A-BD26-4DB9-ABD7-586F88F6627A}.Debug|arm64.Build.0 = Debug|Any CPU
		{0136F72A-BD26-4DB9-ABD7-586F88F6627A}.Debug|x64.ActiveCfg = Debug|Any CPU
		{0136F72A-BD26-4DB9-ABD7-586F88F6627A}.Debug|x64.Build.0 = Debug|Any CPU
		{0136F72A-BD26-4DB9-ABD7-586F88F6627A}.Debug|x86.ActiveCfg = Debug|Any CPU
		{0136F72A-BD26-4DB9-ABD7-586F88F6627A}.Debug|x86.Build.0 = Debug|Any CPU
		{0136F72A-BD26-4DB9-ABD7-586F88F6627A}.Release|Any CPU.ActiveCfg = Release|Any CPU
		{0136F72A-BD26-4DB9-ABD7-586F88F6627A}.Release|Any CPU.Build.0 = Release|Any CPU
		{0136F72A-BD26-4DB9-ABD7-586F88F6627A}.Release|arm64.ActiveCfg = Release|Any CPU
		{0136F72A-BD26-4DB9-ABD7-586F88F6627A}.Release|arm64.Build.0 = Release|Any CPU
		{0136F72A-BD26-4DB9-ABD7-586F88F6627A}.Release|x64.ActiveCfg = Release|Any CPU
		{0136F72A-BD26-4DB9-ABD7-586F88F6627A}.Release|x64.Build.0 = Release|Any CPU
		{0136F72A-BD26-4DB9-ABD7-586F88F6627A}.Release|x86.ActiveCfg = Release|Any CPU
		{0136F72A-BD26-4DB9-ABD7-586F88F6627A}.Release|x86.Build.0 = Release|Any CPU
		{B0024E3A-A5EB-4ACD-8CC0-932B887A1AAF}.Debug|Any CPU.ActiveCfg = Debug|Any CPU
		{B0024E3A-A5EB-4ACD-8CC0-932B887A1AAF}.Debug|Any CPU.Build.0 = Debug|Any CPU
		{B0024E3A-A5EB-4ACD-8CC0-932B887A1AAF}.Debug|arm64.ActiveCfg = Debug|Any CPU
		{B0024E3A-A5EB-4ACD-8CC0-932B887A1AAF}.Debug|arm64.Build.0 = Debug|Any CPU
		{B0024E3A-A5EB-4ACD-8CC0-932B887A1AAF}.Debug|x64.ActiveCfg = Debug|Any CPU
		{B0024E3A-A5EB-4ACD-8CC0-932B887A1AAF}.Debug|x64.Build.0 = Debug|Any CPU
		{B0024E3A-A5EB-4ACD-8CC0-932B887A1AAF}.Debug|x86.ActiveCfg = Debug|Any CPU
		{B0024E3A-A5EB-4ACD-8CC0-932B887A1AAF}.Debug|x86.Build.0 = Debug|Any CPU
		{B0024E3A-A5EB-4ACD-8CC0-932B887A1AAF}.Release|Any CPU.ActiveCfg = Release|Any CPU
		{B0024E3A-A5EB-4ACD-8CC0-932B887A1AAF}.Release|Any CPU.Build.0 = Release|Any CPU
		{B0024E3A-A5EB-4ACD-8CC0-932B887A1AAF}.Release|arm64.ActiveCfg = Release|Any CPU
		{B0024E3A-A5EB-4ACD-8CC0-932B887A1AAF}.Release|arm64.Build.0 = Release|Any CPU
		{B0024E3A-A5EB-4ACD-8CC0-932B887A1AAF}.Release|x64.ActiveCfg = Release|Any CPU
		{B0024E3A-A5EB-4ACD-8CC0-932B887A1AAF}.Release|x64.Build.0 = Release|Any CPU
		{B0024E3A-A5EB-4ACD-8CC0-932B887A1AAF}.Release|x86.ActiveCfg = Release|Any CPU
		{B0024E3A-A5EB-4ACD-8CC0-932B887A1AAF}.Release|x86.Build.0 = Release|Any CPU
		{19641004-05F4-412A-9342-6A9B48A9F740}.Debug|Any CPU.ActiveCfg = Debug|Any CPU
		{19641004-05F4-412A-9342-6A9B48A9F740}.Debug|Any CPU.Build.0 = Debug|Any CPU
		{19641004-05F4-412A-9342-6A9B48A9F740}.Debug|arm64.ActiveCfg = Debug|Any CPU
		{19641004-05F4-412A-9342-6A9B48A9F740}.Debug|arm64.Build.0 = Debug|Any CPU
		{19641004-05F4-412A-9342-6A9B48A9F740}.Debug|x64.ActiveCfg = Debug|Any CPU
		{19641004-05F4-412A-9342-6A9B48A9F740}.Debug|x64.Build.0 = Debug|Any CPU
		{19641004-05F4-412A-9342-6A9B48A9F740}.Debug|x86.ActiveCfg = Debug|Any CPU
		{19641004-05F4-412A-9342-6A9B48A9F740}.Debug|x86.Build.0 = Debug|Any CPU
		{19641004-05F4-412A-9342-6A9B48A9F740}.Release|Any CPU.ActiveCfg = Release|Any CPU
		{19641004-05F4-412A-9342-6A9B48A9F740}.Release|Any CPU.Build.0 = Release|Any CPU
		{19641004-05F4-412A-9342-6A9B48A9F740}.Release|arm64.ActiveCfg = Release|Any CPU
		{19641004-05F4-412A-9342-6A9B48A9F740}.Release|arm64.Build.0 = Release|Any CPU
		{19641004-05F4-412A-9342-6A9B48A9F740}.Release|x64.ActiveCfg = Release|Any CPU
		{19641004-05F4-412A-9342-6A9B48A9F740}.Release|x64.Build.0 = Release|Any CPU
		{19641004-05F4-412A-9342-6A9B48A9F740}.Release|x86.ActiveCfg = Release|Any CPU
		{19641004-05F4-412A-9342-6A9B48A9F740}.Release|x86.Build.0 = Release|Any CPU
		{4B19894E-9ADE-4C76-9768-ECCB75EB0DD2}.Debug|Any CPU.ActiveCfg = Debug|x86
		{4B19894E-9ADE-4C76-9768-ECCB75EB0DD2}.Debug|arm64.ActiveCfg = Debug|arm64
		{4B19894E-9ADE-4C76-9768-ECCB75EB0DD2}.Debug|arm64.Build.0 = Debug|arm64
		{4B19894E-9ADE-4C76-9768-ECCB75EB0DD2}.Debug|arm64.Deploy.0 = Debug|arm64
		{4B19894E-9ADE-4C76-9768-ECCB75EB0DD2}.Debug|x64.ActiveCfg = Debug|x64
		{4B19894E-9ADE-4C76-9768-ECCB75EB0DD2}.Debug|x64.Build.0 = Debug|x64
		{4B19894E-9ADE-4C76-9768-ECCB75EB0DD2}.Debug|x64.Deploy.0 = Debug|x64
		{4B19894E-9ADE-4C76-9768-ECCB75EB0DD2}.Debug|x86.ActiveCfg = Debug|x86
		{4B19894E-9ADE-4C76-9768-ECCB75EB0DD2}.Debug|x86.Build.0 = Debug|x86
		{4B19894E-9ADE-4C76-9768-ECCB75EB0DD2}.Debug|x86.Deploy.0 = Debug|x86
		{4B19894E-9ADE-4C76-9768-ECCB75EB0DD2}.Release|Any CPU.ActiveCfg = Release|x86
		{4B19894E-9ADE-4C76-9768-ECCB75EB0DD2}.Release|arm64.ActiveCfg = Release|arm64
		{4B19894E-9ADE-4C76-9768-ECCB75EB0DD2}.Release|arm64.Build.0 = Release|arm64
		{4B19894E-9ADE-4C76-9768-ECCB75EB0DD2}.Release|arm64.Deploy.0 = Release|arm64
		{4B19894E-9ADE-4C76-9768-ECCB75EB0DD2}.Release|x64.ActiveCfg = Release|x64
		{4B19894E-9ADE-4C76-9768-ECCB75EB0DD2}.Release|x64.Build.0 = Release|x64
		{4B19894E-9ADE-4C76-9768-ECCB75EB0DD2}.Release|x64.Deploy.0 = Release|x64
		{4B19894E-9ADE-4C76-9768-ECCB75EB0DD2}.Release|x86.ActiveCfg = Release|x86
		{4B19894E-9ADE-4C76-9768-ECCB75EB0DD2}.Release|x86.Build.0 = Release|x86
		{4B19894E-9ADE-4C76-9768-ECCB75EB0DD2}.Release|x86.Deploy.0 = Release|x86
		{A7DB3562-1C1B-48D6-98C0-D422504DCD0F}.Debug|Any CPU.ActiveCfg = Debug|x86
		{A7DB3562-1C1B-48D6-98C0-D422504DCD0F}.Debug|arm64.ActiveCfg = Debug|arm64
		{A7DB3562-1C1B-48D6-98C0-D422504DCD0F}.Debug|arm64.Build.0 = Debug|arm64
		{A7DB3562-1C1B-48D6-98C0-D422504DCD0F}.Debug|x64.ActiveCfg = Debug|x64
		{A7DB3562-1C1B-48D6-98C0-D422504DCD0F}.Debug|x64.Build.0 = Debug|x64
		{A7DB3562-1C1B-48D6-98C0-D422504DCD0F}.Debug|x86.ActiveCfg = Debug|x86
		{A7DB3562-1C1B-48D6-98C0-D422504DCD0F}.Debug|x86.Build.0 = Debug|x86
		{A7DB3562-1C1B-48D6-98C0-D422504DCD0F}.Release|Any CPU.ActiveCfg = Release|x86
		{A7DB3562-1C1B-48D6-98C0-D422504DCD0F}.Release|arm64.ActiveCfg = Release|arm64
		{A7DB3562-1C1B-48D6-98C0-D422504DCD0F}.Release|arm64.Build.0 = Release|arm64
		{A7DB3562-1C1B-48D6-98C0-D422504DCD0F}.Release|x64.ActiveCfg = Release|x64
		{A7DB3562-1C1B-48D6-98C0-D422504DCD0F}.Release|x64.Build.0 = Release|x64
		{A7DB3562-1C1B-48D6-98C0-D422504DCD0F}.Release|x86.ActiveCfg = Release|x86
		{A7DB3562-1C1B-48D6-98C0-D422504DCD0F}.Release|x86.Build.0 = Release|x86
		{9F177283-A3C1-450C-945B-E30C68A7C952}.Debug|Any CPU.ActiveCfg = Debug|Any CPU
		{9F177283-A3C1-450C-945B-E30C68A7C952}.Debug|Any CPU.Build.0 = Debug|Any CPU
		{9F177283-A3C1-450C-945B-E30C68A7C952}.Debug|arm64.ActiveCfg = Debug|Any CPU
		{9F177283-A3C1-450C-945B-E30C68A7C952}.Debug|arm64.Build.0 = Debug|Any CPU
		{9F177283-A3C1-450C-945B-E30C68A7C952}.Debug|x64.ActiveCfg = Debug|Any CPU
		{9F177283-A3C1-450C-945B-E30C68A7C952}.Debug|x64.Build.0 = Debug|Any CPU
		{9F177283-A3C1-450C-945B-E30C68A7C952}.Debug|x86.ActiveCfg = Debug|Any CPU
		{9F177283-A3C1-450C-945B-E30C68A7C952}.Debug|x86.Build.0 = Debug|Any CPU
		{9F177283-A3C1-450C-945B-E30C68A7C952}.Release|Any CPU.ActiveCfg = Release|Any CPU
		{9F177283-A3C1-450C-945B-E30C68A7C952}.Release|Any CPU.Build.0 = Release|Any CPU
		{9F177283-A3C1-450C-945B-E30C68A7C952}.Release|arm64.ActiveCfg = Release|Any CPU
		{9F177283-A3C1-450C-945B-E30C68A7C952}.Release|arm64.Build.0 = Release|Any CPU
		{9F177283-A3C1-450C-945B-E30C68A7C952}.Release|x64.ActiveCfg = Release|Any CPU
		{9F177283-A3C1-450C-945B-E30C68A7C952}.Release|x64.Build.0 = Release|Any CPU
		{9F177283-A3C1-450C-945B-E30C68A7C952}.Release|x86.ActiveCfg = Release|Any CPU
		{9F177283-A3C1-450C-945B-E30C68A7C952}.Release|x86.Build.0 = Release|Any CPU
	EndGlobalSection
	GlobalSection(SolutionProperties) = preSolution
		HideSolutionNode = FALSE
	EndGlobalSection
	GlobalSection(ExtensibilityGlobals) = postSolution
		SolutionGuid = {B566BC89-F734-419E-A832-68A98D320B4B}
	EndGlobalSection
EndGlobal
